
Microsoft Visual Studio Solution File, Format Version 12.00
# Visual Studio Version 17
VisualStudioVersion = 17.5.002.0
MinimumVisualStudioVersion = 10.0.40219.1
Project("{2150E333-8FDC-42A3-9474-1A3956D46DE8}") = "Prova2_Henrique", "Prova2_Henrique", "{EB69A9DB-E04D-4E3A-9DDF-595D0C955C88}"
EndProject
Project("{9A19103F-16F7-4668-BE54-9A1E7A4F7556}") = "Testes", "Prova2_Henrique\Testes\Testes.csproj", "{644F0325-5009-4D38-8848-5EAF683F4C28}"
EndProject
Project("{9A19103F-16F7-4668-BE54-9A1E7A4F7556}") = "Prova", "Prova2_Henrique\Prova\Prova.csproj", "{5B6953D4-8CAF-47D0-BB34-86D81AEBC362}"
EndProject
Global
	GlobalSection(SolutionConfigurationPlatforms) = preSolution
		Debug|Any CPU = Debug|Any CPU
		Release|Any CPU = Release|Any CPU
	EndGlobalSection
	GlobalSection(ProjectConfigurationPlatforms) = postSolution
		{644F0325-5009-4D38-8848-5EAF683F4C28}.Debug|Any CPU.ActiveCfg = Debug|Any CPU
		{644F0325-5009-4D38-8848-5EAF683F4C28}.Debug|Any CPU.Build.0 = Debug|Any CPU
		{644F0325-5009-4D38-8848-5EAF683F4C28}.Release|Any CPU.ActiveCfg = Release|Any CPU
		{644F0325-5009-4D38-8848-5EAF683F4C28}.Release|Any CPU.Build.0 = Release|Any CPU
		{5B6953D4-8CAF-47D0-BB34-86D81AEBC362}.Debug|Any CPU.ActiveCfg = Debug|Any CPU
		{5B6953D4-8CAF-47D0-BB34-86D81AEBC362}.Debug|Any CPU.Build.0 = Debug|Any CPU
		{5B6953D4-8CAF-47D0-BB34-86D81AEBC362}.Release|Any CPU.ActiveCfg = Release|Any CPU
		{5B6953D4-8CAF-47D0-BB34-86D81AEBC362}.Release|Any CPU.Build.0 = Release|Any CPU
	EndGlobalSection
	GlobalSection(SolutionProperties) = preSolution
		HideSolutionNode = FALSE
	EndGlobalSection
	GlobalSection(NestedProjects) = preSolution
		{644F0325-5009-4D38-8848-5EAF683F4C28} = {EB69A9DB-E04D-4E3A-9DDF-595D0C955C88}
		{5B6953D4-8CAF-47D0-BB34-86D81AEBC362} = {EB69A9DB-E04D-4E3A-9DDF-595D0C955C88}
	EndGlobalSection
	GlobalSection(ExtensibilityGlobals) = postSolution
		SolutionGuid = {A00BDB08-F5E5-48BF-AFF4-4611C45FF63B}
	EndGlobalSection
EndGlobal
